
Microsoft Visual Studio Solution File, Format Version 12.00
# Visual Studio Version 16
VisualStudioVersion = 16.0.31321.278
MinimumVisualStudioVersion = 10.0.40219.1
Project("{FAE04EC0-301F-11D3-BF4B-00C04F79EFBC}") = "IP Viewer", "IP Viewer.csproj", "{35EC7BD5-A9D6-41B9-AAA3-50EC9D1A0B79}"
EndProject
Global
	GlobalSection(SolutionConfigurationPlatforms) = preSolution
		Debug|Any CPU = Debug|Any CPU
		Release|Any CPU = Release|Any CPU
	EndGlobalSection
	GlobalSection(ProjectConfigurationPlatforms) = postSolution
		{35EC7BD5-A9D6-41B9-AAA3-50EC9D1A0B79}.Debug|Any CPU.ActiveCfg = Debug|Any CPU
		{35EC7BD5-A9D6-41B9-AAA3-50EC9D1A0B79}.Debug|Any CPU.Build.0 = Debug|Any CPU
		{35EC7BD5-A9D6-41B9-AAA3-50EC9D1A0B79}.Release|Any CPU.ActiveCfg = Release|Any CPU
		{35EC7BD5-A9D6-41B9-AAA3-50EC9D1A0B79}.Release|Any CPU.Build.0 = Release|Any CPU
	EndGlobalSection
	GlobalSection(SolutionProperties) = preSolution
		HideSolutionNode = FALSE
	EndGlobalSection
	GlobalSection(ExtensibilityGlobals) = postSolution
		SolutionGuid = {6186AB5B-6BC4-4943-AA2F-0160929FFB53}
	EndGlobalSection
EndGlobal
